
Microsoft Visual Studio Solution File, Format Version 12.00
# Visual Studio 15
VisualStudioVersion = 15.0.27703.2047
MinimumVisualStudioVersion = 10.0.40219.1
Project("{FAE04EC0-301F-11D3-BF4B-00C04F79EFBC}") = "Parsers", "PhoneParser\Parsers.csproj", "{FDFF31DA-1D08-45CC-9CD0-C046E7B1F62D}"
EndProject
Global
	GlobalSection(SolutionConfigurationPlatforms) = preSolution
		Debug|Any CPU = Debug|Any CPU
		Release|Any CPU = Release|Any CPU
	EndGlobalSection
	GlobalSection(ProjectConfigurationPlatforms) = postSolution
		{FDFF31DA-1D08-45CC-9CD0-C046E7B1F62D}.Debug|Any CPU.ActiveCfg = Debug|Any CPU
		{FDFF31DA-1D08-45CC-9CD0-C046E7B1F62D}.Debug|Any CPU.Build.0 = Debug|Any CPU
		{FDFF31DA-1D08-45CC-9CD0-C046E7B1F62D}.Release|Any CPU.ActiveCfg = Release|Any CPU
		{FDFF31DA-1D08-45CC-9CD0-C046E7B1F62D}.Release|Any CPU.Build.0 = Release|Any CPU
	EndGlobalSection
	GlobalSection(SolutionProperties) = preSolution
		HideSolutionNode = FALSE
	EndGlobalSection
	GlobalSection(ExtensibilityGlobals) = postSolution
		SolutionGuid = {62456619-9D4D-4B72-AEA8-074E37B48785}
	EndGlobalSection
EndGlobal
